
Microsoft Visual Studio Solution File, Format Version 12.00
# Visual Studio Version 17
VisualStudioVersion = 17.5.33414.496
MinimumVisualStudioVersion = 10.0.40219.1
Project("{FAE04EC0-301F-11D3-BF4B-00C04F79EFBC}") = "cpu_optimalizalo_BUQ6LY", "cpu_optimalizalo_BUQ6LY\cpu_optimalizalo_BUQ6LY.csproj", "{D8417598-CD2E-4629-A4A1-7E3F2F29FD6F}"
EndProject
Global
	GlobalSection(SolutionConfigurationPlatforms) = preSolution
		Debug|Any CPU = Debug|Any CPU
		Release|Any CPU = Release|Any CPU
	EndGlobalSection
	GlobalSection(ProjectConfigurationPlatforms) = postSolution
		{D8417598-CD2E-4629-A4A1-7E3F2F29FD6F}.Debug|Any CPU.ActiveCfg = Debug|Any CPU
		{D8417598-CD2E-4629-A4A1-7E3F2F29FD6F}.Debug|Any CPU.Build.0 = Debug|Any CPU
		{D8417598-CD2E-4629-A4A1-7E3F2F29FD6F}.Release|Any CPU.ActiveCfg = Release|Any CPU
		{D8417598-CD2E-4629-A4A1-7E3F2F29FD6F}.Release|Any CPU.Build.0 = Release|Any CPU
	EndGlobalSection
	GlobalSection(SolutionProperties) = preSolution
		HideSolutionNode = FALSE
	EndGlobalSection
	GlobalSection(ExtensibilityGlobals) = postSolution
		SolutionGuid = {784238DA-B55A-4AC3-88B8-E408C98EAE80}
	EndGlobalSection
EndGlobal
